Microsoft Visual Studio Solution File, Format Version 9.00
# Visual Studio 2005
Project("{FAE04EC0-301F-11D3-BF4B-00C04F79EFBC}") = "WinSample.Module", "WinSample.Module\WinSample.Module.csproj", "{05E2BB21-7009-4340-B068-AFC7C2C4BB8A}"
EndProject
Project("{FAE04EC0-301F-11D3-BF4B-00C04F79EFBC}") = "WinSample.Module.Win", "WinSample.Module.Win\WinSample.Module.Win.csproj", "{81B3171E-5C55-4688-B7AF-DC4C19C49545}"
EndProject
Project("{FAE04EC0-301F-11D3-BF4B-00C04F79EFBC}") = "WinSample.Win", "WinSample.Win\WinSample.Win.csproj", "{00D7C3EF-DF7A-4FC8-9725-96D9FB811062}"
EndProject
Global
	GlobalSection(SolutionConfigurationPlatforms) = preSolution
		Debug|Any CPU = Debug|Any CPU
		Release|Any CPU = Release|Any CPU
	EndGlobalSection
	GlobalSection(ProjectConfigurationPlatforms) = postSolution
		{05E2BB21-7009-4340-B068-AFC7C2C4BB8A}.Debug|Any CPU.ActiveCfg = Debug|Any CPU
		{05E2BB21-7009-4340-B068-AFC7C2C4BB8A}.Debug|Any CPU.Build.0 = Debug|Any CPU
		{05E2BB21-7009-4340-B068-AFC7C2C4BB8A}.Release|Any CPU.ActiveCfg = Release|Any CPU
		{05E2BB21-7009-4340-B068-AFC7C2C4BB8A}.Release|Any CPU.Build.0 = Release|Any CPU
		{81B3171E-5C55-4688-B7AF-DC4C19C49545}.Debug|Any CPU.ActiveCfg = Debug|Any CPU
		{81B3171E-5C55-4688-B7AF-DC4C19C49545}.Debug|Any CPU.Build.0 = Debug|Any CPU
		{81B3171E-5C55-4688-B7AF-DC4C19C49545}.Release|Any CPU.ActiveCfg = Release|Any CPU
		{81B3171E-5C55-4688-B7AF-DC4C19C49545}.Release|Any CPU.Build.0 = Release|Any CPU
		{00D7C3EF-DF7A-4FC8-9725-96D9FB811062}.Debug|Any CPU.ActiveCfg = Debug|Any CPU
		{00D7C3EF-DF7A-4FC8-9725-96D9FB811062}.Debug|Any CPU.Build.0 = Debug|Any CPU
		{00D7C3EF-DF7A-4FC8-9725-96D9FB811062}.Release|Any CPU.ActiveCfg = Release|Any CPU
		{00D7C3EF-DF7A-4FC8-9725-96D9FB811062}.Release|Any CPU.Build.0 = Release|Any CPU
	EndGlobalSection
	GlobalSection(SolutionProperties) = preSolution
		HideSolutionNode = FALSE
	EndGlobalSection
EndGlobal
